
Microsoft Visual Studio Solution File, Format Version 12.00
# Visual Studio Version 16
VisualStudioVersion = 16.0.28531.58
MinimumVisualStudioVersion = 10.0.40219.1
Project("{FAE04EC0-301F-11D3-BF4B-00C04F79EFBC}") = "WebApplication1.Server", "WebApplication1\WebApplication1.Server\WebApplication1.Server.csproj", "{5E8C518F-0F3A-4AAB-915C-37BCF9049E88}"
EndProject
Project("{FAE04EC0-301F-11D3-BF4B-00C04F79EFBC}") = "WebApplication1.App", "WebApplication1\WebApplication1.App\WebApplication1.App.csproj", "{A5B0E5F7-7597-4104-BFD1-F322120A2B08}"
EndProject
Global
	GlobalSection(SolutionConfigurationPlatforms) = preSolution
		Debug|Any CPU = Debug|Any CPU
		Release|Any CPU = Release|Any CPU
	EndGlobalSection
	GlobalSection(ProjectConfigurationPlatforms) = postSolution
		{5E8C518F-0F3A-4AAB-915C-37BCF9049E88}.Debug|Any CPU.ActiveCfg = Debug|Any CPU
		{5E8C518F-0F3A-4AAB-915C-37BCF9049E88}.Debug|Any CPU.Build.0 = Debug|Any CPU
		{5E8C518F-0F3A-4AAB-915C-37BCF9049E88}.Release|Any CPU.ActiveCfg = Release|Any CPU
		{5E8C518F-0F3A-4AAB-915C-37BCF9049E88}.Release|Any CPU.Build.0 = Release|Any CPU
		{A5B0E5F7-7597-4104-BFD1-F322120A2B08}.Debug|Any CPU.ActiveCfg = Debug|Any CPU
		{A5B0E5F7-7597-4104-BFD1-F322120A2B08}.Debug|Any CPU.Build.0 = Debug|Any CPU
		{A5B0E5F7-7597-4104-BFD1-F322120A2B08}.Release|Any CPU.ActiveCfg = Release|Any CPU
		{A5B0E5F7-7597-4104-BFD1-F322120A2B08}.Release|Any CPU.Build.0 = Release|Any CPU
	EndGlobalSection
	GlobalSection(SolutionProperties) = preSolution
		HideSolutionNode = FALSE
	EndGlobalSection
	GlobalSection(ExtensibilityGlobals) = postSolution
		SolutionGuid = {E30DEE40-894B-4FC6-919B-47FF68108D6C}
	EndGlobalSection
EndGlobal
